
Microsoft Visual Studio Solution File, Format Version 12.00
# Visual Studio Version 17
VisualStudioVersion = 17.8.34330.188
MinimumVisualStudioVersion = 10.0.40219.1
Project("{9A19103F-16F7-4668-BE54-9A1E7A4F7556}") = "Modul1", "Modul1\Modul1.csproj", "{5AE68E6E-227E-41DF-8480-C7E44EB94F98}"
EndProject
Project("{9A19103F-16F7-4668-BE54-9A1E7A4F7556}") = "Modul2", "Modul2\Modul2.csproj", "{5AF017A4-BB15-459A-B2F0-884791EF3A8F}"
EndProject
Project("{9A19103F-16F7-4668-BE54-9A1E7A4F7556}") = "Modul3", "Modul3\Modul3.csproj", "{67394EB4-E4F1-43A7-B5B3-208B5A69E442}"
EndProject
Project("{9A19103F-16F7-4668-BE54-9A1E7A4F7556}") = "Modul4", "Modul4\Modul4.csproj", "{3A13CF2A-01B1-4154-8358-822D0D2FE354}"
EndProject
Project("{9A19103F-16F7-4668-BE54-9A1E7A4F7556}") = "WebApp", "WebApp\WebApp.csproj", "{40F4F2B6-1C1F-4DD7-AFBC-672AA6B1E39A}"
EndProject
Project("{9A19103F-16F7-4668-BE54-9A1E7A4F7556}") = "Modul5", "Modul5\Modul5.csproj", "{A61BD75B-F8D6-4871-8939-C3562F3ED490}"
EndProject
Project("{9A19103F-16F7-4668-BE54-9A1E7A4F7556}") = "Modul6", "Modul6\Modul6.csproj", "{D6C946A7-77B9-46AC-A0F7-3B554E4156D5}"
EndProject
Project("{9A19103F-16F7-4668-BE54-9A1E7A4F7556}") = "Modul7", "Modul7\Modul7.csproj", "{45BD3A61-A2EA-4516-BC96-B0122B9A70A4}"
EndProject
Project("{2150E333-8FDC-42A3-9474-1A3956D46DE8}") = "Undervisning", "Undervisning", "{A37C0024-BC27-4489-80BE-564C21BE4AA5}"
EndProject
Project("{2150E333-8FDC-42A3-9474-1A3956D46DE8}") = "Ekstra opgaver", "Ekstra opgaver", "{AB0FDAE8-AEE7-428D-AF97-248D1CD915FB}"
EndProject
Project("{9A19103F-16F7-4668-BE54-9A1E7A4F7556}") = "PaymentSystem", "Lonsystem\PaymentSystem.csproj", "{A6655322-28AD-4FEB-A902-4B91014684EE}"
EndProject
Project("{FAE04EC0-301F-11D3-BF4B-00C04F79EFBC}") = "BlazorApp1", "BlazorApp1\BlazorApp1.csproj", "{F23816E6-FE14-4D33-A828-185A64026EDC}"
EndProject
Global
	GlobalSection(SolutionConfigurationPlatforms) = preSolution
		Debug|Any CPU = Debug|Any CPU
		Release|Any CPU = Release|Any CPU
	EndGlobalSection
	GlobalSection(ProjectConfigurationPlatforms) = postSolution
		{5AE68E6E-227E-41DF-8480-C7E44EB94F98}.Debug|Any CPU.ActiveCfg = Debug|Any CPU
		{5AE68E6E-227E-41DF-8480-C7E44EB94F98}.Debug|Any CPU.Build.0 = Debug|Any CPU
		{5AE68E6E-227E-41DF-8480-C7E44EB94F98}.Release|Any CPU.ActiveCfg = Release|Any CPU
		{5AE68E6E-227E-41DF-8480-C7E44EB94F98}.Release|Any CPU.Build.0 = Release|Any CPU
		{5AF017A4-BB15-459A-B2F0-884791EF3A8F}.Debug|Any CPU.ActiveCfg = Debug|Any CPU
		{5AF017A4-BB15-459A-B2F0-884791EF3A8F}.Debug|Any CPU.Build.0 = Debug|Any CPU
		{5AF017A4-BB15-459A-B2F0-884791EF3A8F}.Release|Any CPU.ActiveCfg = Release|Any CPU
		{5AF017A4-BB15-459A-B2F0-884791EF3A8F}.Release|Any CPU.Build.0 = Release|Any CPU
		{67394EB4-E4F1-43A7-B5B3-208B5A69E442}.Debug|Any CPU.ActiveCfg = Debug|Any CPU
		{67394EB4-E4F1-43A7-B5B3-208B5A69E442}.Debug|Any CPU.Build.0 = Debug|Any CPU
		{67394EB4-E4F1-43A7-B5B3-208B5A69E442}.Release|Any CPU.ActiveCfg = Release|Any CPU
		{67394EB4-E4F1-43A7-B5B3-208B5A69E442}.Release|Any CPU.Build.0 = Release|Any CPU
		{3A13CF2A-01B1-4154-8358-822D0D2FE354}.Debug|Any CPU.ActiveCfg = Debug|Any CPU
		{3A13CF2A-01B1-4154-8358-822D0D2FE354}.Debug|Any CPU.Build.0 = Debug|Any CPU
		{3A13CF2A-01B1-4154-8358-822D0D2FE354}.Release|Any CPU.ActiveCfg = Release|Any CPU
		{3A13CF2A-01B1-4154-8358-822D0D2FE354}.Release|Any CPU.Build.0 = Release|Any CPU
		{40F4F2B6-1C1F-4DD7-AFBC-672AA6B1E39A}.Debug|Any CPU.ActiveCfg = Debug|Any CPU
		{40F4F2B6-1C1F-4DD7-AFBC-672AA6B1E39A}.Debug|Any CPU.Build.0 = Debug|Any CPU
		{40F4F2B6-1C1F-4DD7-AFBC-672AA6B1E39A}.Release|Any CPU.ActiveCfg = Release|Any CPU
		{40F4F2B6-1C1F-4DD7-AFBC-672AA6B1E39A}.Release|Any CPU.Build.0 = Release|Any CPU
		{A61BD75B-F8D6-4871-8939-C3562F3ED490}.Debug|Any CPU.ActiveCfg = Debug|Any CPU
		{A61BD75B-F8D6-4871-8939-C3562F3ED490}.Debug|Any CPU.Build.0 = Debug|Any CPU
		{A61BD75B-F8D6-4871-8939-C3562F3ED490}.Release|Any CPU.ActiveCfg = Release|Any CPU
		{A61BD75B-F8D6-4871-8939-C3562F3ED490}.Release|Any CPU.Build.0 = Release|Any CPU
		{D6C946A7-77B9-46AC-A0F7-3B554E4156D5}.Debug|Any CPU.ActiveCfg = Debug|Any CPU
		{D6C946A7-77B9-46AC-A0F7-3B554E4156D5}.Debug|Any CPU.Build.0 = Debug|Any CPU
		{D6C946A7-77B9-46AC-A0F7-3B554E4156D5}.Release|Any CPU.ActiveCfg = Release|Any CPU
		{D6C946A7-77B9-46AC-A0F7-3B554E4156D5}.Release|Any CPU.Build.0 = Release|Any CPU
		{45BD3A61-A2EA-4516-BC96-B0122B9A70A4}.Debug|Any CPU.ActiveCfg = Debug|Any CPU
		{45BD3A61-A2EA-4516-BC96-B0122B9A70A4}.Debug|Any CPU.Build.0 = Debug|Any CPU
		{45BD3A61-A2EA-4516-BC96-B0122B9A70A4}.Release|Any CPU.ActiveCfg = Release|Any CPU
		{45BD3A61-A2EA-4516-BC96-B0122B9A70A4}.Release|Any CPU.Build.0 = Release|Any CPU
		{A6655322-28AD-4FEB-A902-4B91014684EE}.Debug|Any CPU.ActiveCfg = Debug|Any CPU
		{A6655322-28AD-4FEB-A902-4B91014684EE}.Debug|Any CPU.Build.0 = Debug|Any CPU
		{A6655322-28AD-4FEB-A902-4B91014684EE}.Release|Any CPU.ActiveCfg = Release|Any CPU
		{A6655322-28AD-4FEB-A902-4B91014684EE}.Release|Any CPU.Build.0 = Release|Any CPU
		{F23816E6-FE14-4D33-A828-185A64026EDC}.Debug|Any CPU.ActiveCfg = Debug|Any CPU
		{F23816E6-FE14-4D33-A828-185A64026EDC}.Debug|Any CPU.Build.0 = Debug|Any CPU
		{F23816E6-FE14-4D33-A828-185A64026EDC}.Release|Any CPU.ActiveCfg = Release|Any CPU
		{F23816E6-FE14-4D33-A828-185A64026EDC}.Release|Any CPU.Build.0 = Release|Any CPU
	EndGlobalSection
	GlobalSection(SolutionProperties) = preSolution
		HideSolutionNode = FALSE
	EndGlobalSection
	GlobalSection(NestedProjects) = preSolution
		{5AE68E6E-227E-41DF-8480-C7E44EB94F98} = {A37C0024-BC27-4489-80BE-564C21BE4AA5}
		{5AF017A4-BB15-459A-B2F0-884791EF3A8F} = {A37C0024-BC27-4489-80BE-564C21BE4AA5}
		{67394EB4-E4F1-43A7-B5B3-208B5A69E442} = {A37C0024-BC27-4489-80BE-564C21BE4AA5}
		{3A13CF2A-01B1-4154-8358-822D0D2FE354} = {A37C0024-BC27-4489-80BE-564C21BE4AA5}
		{40F4F2B6-1C1F-4DD7-AFBC-672AA6B1E39A} = {A37C0024-BC27-4489-80BE-564C21BE4AA5}
		{A61BD75B-F8D6-4871-8939-C3562F3ED490} = {A37C0024-BC27-4489-80BE-564C21BE4AA5}
		{D6C946A7-77B9-46AC-A0F7-3B554E4156D5} = {A37C0024-BC27-4489-80BE-564C21BE4AA5}
		{45BD3A61-A2EA-4516-BC96-B0122B9A70A4} = {A37C0024-BC27-4489-80BE-564C21BE4AA5}
		{A6655322-28AD-4FEB-A902-4B91014684EE} = {AB0FDAE8-AEE7-428D-AF97-248D1CD915FB}
		{F23816E6-FE14-4D33-A828-185A64026EDC} = {A37C0024-BC27-4489-80BE-564C21BE4AA5}
	EndGlobalSection
	GlobalSection(ExtensibilityGlobals) = postSolution
		SolutionGuid = {AE63F9CE-A21D-42B6-95AB-AFA86B643821}
	EndGlobalSection
EndGlobal
